{
  "archiveVersion": "1",
  "classes": {},
  "objectVersion": "77",
  "objects": {
    "00FE454829EC1192C6DD25FD": {
      "isa": "PBXBuildFile",
      "fileRef": "C86792480592B324CE5C56AF"
    },
    "2857D59369AE8F20570D49EA": {
      "isa": "PBXBuildFile",
      "fileRef": "4C0EF7C2B13D25979F6369DB"
    },
    "2DFB991AF8870990C662B671": {
      "isa": "PBXBuildFile",
      "fileRef": "72F57251B9C5FD271B8EE399"
    },
    "383A594D2396472824F1819B": {
      "isa": "PBXBuildFile",
      "fileRef": "5FC8D84871E3B70292214887"
    },
    "5CA1F92936BC9FD75D955481": {
      "isa": "PBXBuildFile",
      "fileRef": "81BF490865B8B124033F5C78"
    },
    "1E0A3F94C85B8CE4A811B51E": {
      "isa": "PBXBuildFile",
      "fileRef": "B1B7BD8BFB5996FAC8E63F8D"
    },
    "1A5821E544132F6B9C54AB9D": {
      "isa": "PBXBuildFile",
      "fileRef": "4CF4623DF03C3DE363E0B56F"
    },
    "040F454363C3899C930E5EA9": {
      "isa": "PBXBuildFile",
      "fileRef": "5950C646E32D34E93EABA9EF"
    },
    "2E0ABDDF4E695B9BF174B94A": {
      "isa": "PBXBuildFile",
      "fileRef": "843A91D87C07C74B830ECB18"
    },
    "2AB3BB1E70F17CE3D1588AF0": {
      "isa": "PBXBuildFile",
      "fileRef": "541E09502E77748865355DFE"
    },
    "453F93629311047F68EB7964": {
      "isa": "PBXBuildFile",
      "fileRef": "3C22B93B0634A15AD018E806"
    },
    "142C1C7208E941C634D680BB": {
      "isa": "PBXBuildFile",
      "fileRef": "C15DAB044A80A2EAE11C9D15"
    },
    "0413A5782ACA7ADA6B646EA2": {
      "isa": "PBXBuildFile",
      "fileRef": "E8C510A32BF279EE9F3A0B52"
    },
    "E511A28BB2D7064A2331984B": {
      "isa": "PBXBuildFile",
      "fileRef": "8354169E6A63B4B9CB44BCE9"
    },
    "73155BDE31ACEFB4B8D29811": {
      "isa": "PBXBuildFile",
      "fileRef": "B5ADE49EE78C2B59A32BC95A"
    },
    "F7065897D1EDC44C60A07BD4": {
      "isa": "PBXBuildFile",
      "fileRef": "FC0DA520028935CB779F3147"
    },
    "C2A6B9A2D4703D50CFC6C197": {
      "isa": "PBXBuildFile",
      "fileRef": "A2DE8647C366E3068EC48BEF"
    },
    "77E2C944A27CD320313C9858": {
      "isa": "PBXBuildFile",
      "fileRef": "F695310E79DF42977ADCC677"
    },
    "3A0F506C24EEE41674E5E900": {
      "isa": "PBXBuildFile",
      "fileRef": "78B742E8F53C850C5EE595EE"
    },
    "6BCAD05F34DE19C77351E161": {
      "isa": "PBXBuildFile",
      "fileRef": "AC9D861E80D1DCA0F1C0F9CB"
    },
    "D3457CA23D2D3DD4E32DEB26": {
      "isa": "PBXBuildFile",
      "fileRef": "4B83C5649C3586BDE0BC4BB0"
    },
    "90CC01F2DAC7455D7D6EC0DD": {
      "isa": "PBXBuildFile",
      "fileRef": "4BE7B99FB94F739CEE01D408"
    },
    "FD2C9721768BC0DECAFBD9EA": {
      "isa": "PBXBuildFile",
      "fileRef": "123B9066865398E03B8DD922"
    },
    "E729F46244D4AF2C14CD1E18": {
      "isa": "PBXBuildFile",
      "fileRef": "A57B5AE1DBDD1A82ACF6EDB4"
    },
    "320312CB6C13D0D577E196A5": {
      "isa": "PBXBuildFile",
      "fileRef": "0862DA55D8BC384B2944EBCB"
    },
    "259F84F82295D2E24D14AF0F": {
      "isa": "PBXBuildFile",
      "fileRef": "38C7BA9D41065C1559BC6594"
    },
    "041050EEC8178B6B1DF37B13": {
      "isa": "PBXBuildFile",
      "fileRef": "1B29AB99138D90241E214966"
    },
    "EB18D2087CAA47F8BA0AC140": {
      "isa": "PBXBuildFile",
      "fileRef": "E9DCE24DCB1CA0A1C496F038"
    },
    "E33096BE42DA5E77619F8962": {
      "isa": "PBXBuildFile",
      "fileRef": "869E6C318410086C8418DB7A"
    },
    "CC67BD94E5AC1812FCFAF338": {
      "isa": "PBXBuildFile",
      "fileRef": "2C3B6534094377FFBECE3D98"
    },
    "19AD8141D819C5B832F2C425": {
      "isa": "PBXBuildFile",
      "fileRef": "680CEE6177D7A35D67E08FC3"
    },
    "6F8FFA761DA08B251307762E": {
      "isa": "PBXBuildFile",
      "fileRef": "1824EA354A3DDDD91C882983"
    },
    "1AD18E044CFCFE47043ACECD": {
      "isa": "PBXBuildFile",
      "fileRef": "AED97BB9935C8B1476C9B44C"
    },
    "FD91B103255DEB923850049C": {
      "isa": "PBXBuildFile",
      "fileRef": "0FD37181CF946710701C84CD"
    },
    "E620555961FEB232550C5A0F": {
      "isa": "PBXBuildFile",
      "fileRef": "30A7BF23BB03561C42D70AE8"
    },
    "F882A518E36393398F41A4D3": {
      "isa": "PBXBuildFile",
      "fileRef": "616DDCA24AD507E700D4E02A"
    },
    "EF4E9D8DCEDD1B10B2C7722D": {
      "isa": "PBXBuildFile",
      "fileRef": "01D75752123DF42AB96E4272"
    },
    "B7A42A252BC1A2076CE28411": {
      "isa": "PBXBuildFile",
      "fileRef": "1BD4A1F1B5AEBDDC7F400369"
    },
    "512D26F8E750CDF09C49D945": {
      "isa": "PBXBuildFile",
      "fileRef": "49364D66AD60B7797AE0209D"
    },
    "C8B3B5204629C63D2C14A146": {
      "isa": "PBXBuildFile",
      "fileRef": "300906B684298E7239BFA874"
    },
    "17B543C80095054EE83DB87E": {
      "isa": "PBXBuildFile",
      "fileRef": "09771EB93D882023220E07CC"
    },
    "C6A28993268E7ACC022E55A2": {
      "isa": "PBXBuildFile",
      "fileRef": "3379D417C4AA0EA0AA2B4366"
    },
    "ADB53C1D3DACDF4D57030627": {
      "isa": "PBXBuildFile",
      "fileRef": "942E11744D3E866B2C87DA3F"
    },
    "17469B250263A15F7E5A9CA7": {
      "isa": "PBXBuildFile",
      "fileRef": "8C11EDFBC7413BA6F31DD4A4"
    },
    "31517376DF4F45270BBF9C9F": {
      "isa": "PBXBuildFile",
      "fileRef": "6A7527DEC9B7F7F4A25ADBC7"
    },
    "5E71CD41BDB011262314E89E": {
      "isa": "PBXBuildFile",
      "fileRef": "5640103E5835D55C3875566E"
    },
    "0C632EDC5C511E7EFA7938C3": {
      "isa": "PBXBuildFile",
      "fileRef": "979E204D2E243EDB0A12BEA4"
    },
    "FFD3CC4FA09133AB7E0CFC53": {
      "isa": "PBXBuildFile",
      "fileRef": "89DBFB59681FF75B16E21478"
    },
    "50A74DAF679E7C864CE131E6": {
      "isa": "PBXBuildFile",
      "fileRef": "633DAA0D7A1EA35858B5D954"
    },
    "DE689EACC4E2CE4783DA0BCE": {
      "isa": "PBXBuildFile",
      "fileRef": "68CE49DF8E68612B65F18AA5"
    },
    "4A888FB3B3B32157EFF02F56": {
      "isa": "PBXBuildFile",
      "fileRef": "A34FD357885AD857D31AA01C"
    },
    "A350DAD34CE9AEEAE6189C85": {
      "isa": "PBXBuildFile",
      "fileRef": "0717F2FADE0D27C070224E90"
    },
    "A1D107127733190AA6AD0456": {
      "isa": "PBXBuildFile",
      "fileRef": "E2FC3138D0335E3DBF2CF209"
    },
    "5B6792441E0CBFBB7D6A2F22": {
      "isa": "PBXBuildFile",
      "fileRef": "8C8B386C22A054949810A8DE"
    },
    "578CDB00E5EC00FB28C23751": {
      "isa": "PBXBuildFile",
      "fileRef": "81E45422E819C2F19D318139"
    },
    "1DF4BA4970A2C6CB74A57A49": {
      "isa": "PBXBuildFile",
      "fileRef": "E0191AE80F2BBB549630994E"
    },
    "47925836F662AA48D8B66332": {
      "isa": "PBXBuildFile",
      "fileRef": "002EF7F08431743F01C363C7"
    },
    "78CB1BC6FB04CD1F772FE1DA": {
      "isa": "PBXBuildFile",
      "fileRef": "0570382A1B9150D0FE63C273"
    },
    "7221F6C6410549F3F2F0442F": {
      "isa": "PBXBuildFile",
      "fileRef": "7F2EE79BE972F3B0CA2CC7D7"
    },
    "2817786A0462D8D0BE861396": {
      "isa": "PBXBuildFile",
      "fileRef": "60AB34C39292D3BB074364F5"
    },
    "9FD605249C139E0F3774CC2B": {
      "isa": "PBXBuildFile",
      "fileRef": "0DEA46D0089C646200D27B77"
    },
    "6431B07CDB18F4B06132B0F6": {
      "isa": "PBXBuildFile",
      "fileRef": "6A09DFAB608B7D5ABCFBAB48"
    },
    "5CC0F61CE4E0391D714C4719": {
      "isa": "PBXBuildFile",
      "fileRef": "1FD60ED36414C665A9E3DF7F"
    },
    "82E34F6926D5EA39AACE8C57": {
      "isa": "PBXBuildFile",
      "fileRef": "E63522FC24F70BAA3ED09CB9"
    },
    "B9F94DF7A9EEDD35D126454F": {
      "isa": "PBXBuildFile",
      "fileRef": "B8BB286FB08AB505EAE05804"
    },
    "94184FBC111B603A6D7FA21F": {
      "isa": "PBXBuildFile",
      "fileRef": "4BCF1A0598A529F57FA92893"
    },
    "21EE076D956E74C3EC22A9F6": {
      "isa": "PBXBuildFile",
      "fileRef": "5C33C5AB9EB98872A155251A"
    },
    "ADBE28204CA0156801F20C78": {
      "isa": "PBXBuildFile",
      "fileRef": "8AEEA720C57BCDC5B0AB899D"
    },
    "1AAB27D5F697497D2255AAF6": {
      "isa": "PBXBuildFile",
      "fileRef": "14286D8726978622DCA38B1F"
    },
    "EF3B59EA618492F55709E4C0": {
      "isa": "PBXBuildFile",
      "fileRef": "EC2ED4D969FF665EDE558C14"
    },
    "96A9BBF3F09D559493202F3F": {
      "isa": "PBXBuildFile",
      "fileRef": "ACF33BE7C1C33F5B95307988"
    },
    "D1A1F5BDD847FB6D0376A7B8": {
      "isa": "PBXBuildFile",
      "fileRef": "9F2082BE56246CA6F98D918C"
    },
    "803DB65AEFD59F91515684DC": {
      "isa": "PBXBuildFile",
      "fileRef": "1C9129B1EACD775E7DEFFE6F"
    },
    "31CECFE9E5215CF1F8C36120": {
      "isa": "PBXBuildFile",
      "fileRef": "E32CDB8867F6A3505B4A7910"
    },
    "E68531E992371AE2949D8343": {
      "isa": "PBXBuildFile",
      "fileRef": "408D9FF9F272EC495C946046"
    },
    "641B5B34CADFD251244FBCEC": {
      "isa": "PBXBuildFile",
      "fileRef": "5C9AD40C4F443580539DBE2B"
    },
    "3D78916C16CB0897606B4FD7": {
      "isa": "PBXBuildFile",
      "fileRef": "FB18074394D7CADFC89B2D67"
    },
    "517D6324F03D3B3A354D6D42": {
      "isa": "PBXBuildFile",
      "fileRef": "865CD094F9E94DE4C2138BB8"
    },
    "C1D67EB2243A69FD46E300EC": {
      "isa": "PBXBuildFile",
      "fileRef": "0A3BECB91DEF16E35F62A662"
    },
    "4FC09702E2BCB7B6525B60FE": {
      "isa": "PBXBuildFile",
      "fileRef": "BE0581AEBDBEF36C8C373483"
    },
    "87B96E58240A2C4D75801B2D": {
      "isa": "PBXBuildFile",
      "fileRef": "19738FF36D10106B947C6A7A"
    },
    "53B3187B6D014EEFC21F7394": {
      "isa": "PBXBuildFile",
      "fileRef": "B3AF3A57D98AF9971AA6B6BD"
    },
    "CDFC7FB809EAE2016039BF8A": {
      "isa": "PBXBuildFile",
      "fileRef": "63446C2A98E1F8D484F47DF5"
    },
    "F7D55B0A36612442816CF219": {
      "isa": "PBXBuildFile",
      "fileRef": "DD1D998232FDB38B5BD81C15"
    },
    "EB2A49685F30A85843800382": {
      "isa": "PBXBuildFile",
      "fileRef": "C2CD963B2C2BD0D35D5D49EE"
    },
    "41CFA25D85BF13D28B660A3C": {
      "isa": "PBXBuildFile",
      "fileRef": "13A27CA96743727FDD560642"
    },
    "D654F83E82DE3B07BDC54B2D": {
      "isa": "PBXBuildFile",
      "fileRef": "A57DC433798434D184024462"
    },
    "B8AD9E2FF24CC74463C1C14D": {
      "isa": "PBXBuildFile",
      "fileRef": "F6C3C5850CB1904E1775012A"
    },
    "3AFF31E756FE989CD7E558C3": {
      "isa": "PBXBuildFile",
      "fileRef": "7A17CF9388F2D9B8235012F5"
    },
    "4C123E5116650484726DA9F7": {
      "isa": "PBXBuildFile",
      "fileRef": "7DB63CE4205FA78E2BE83CF3"
    },
    "B32C03A63952C3F6371B88FA": {
      "isa": "PBXFileReference",
      "explicitFileType": "wrapper.application",
      "includeInIndex": "0",
      "path": "\u8361\u6f3e\u8ba1\u7136.app",
      "sourceTree": "BUILT_PRODUCTS_DIR"
    },
    "C86792480592B324CE5C56AF": {
      "isa": "PBXFileReference",
      "lastKnownFileType": "sourcecode.swift",
      "path": "AppContainer.swift",
      "sourceTree": "<group>"
    },
    "4C0EF7C2B13D25979F6369DB": {
      "isa": "PBXFileReference",
      "lastKnownFileType": "sourcecode.swift",
      "path": "FirstCCApp.swift",
      "sourceTree": "<group>"
    },
    "72F57251B9C5FD271B8EE399": {
      "isa": "PBXFileReference",
      "lastKnownFileType": "sourcecode.swift",
      "path": "AccountListViewModel.swift",
      "sourceTree": "<group>"
    },
    "5FC8D84871E3B70292214887": {
      "isa": "PBXFileReference",
      "lastKnownFileType": "sourcecode.swift",
      "path": "DashboardViewModel.swift",
      "sourceTree": "<group>"
    },
    "81BF490865B8B124033F5C78": {
      "isa": "PBXFileReference",
      "lastKnownFileType": "text.json",
      "path": "Contents.json",
      "sourceTree": "<group>"
    },
    "B1B7BD8BFB5996FAC8E63F8D": {
      "isa": "PBXFileReference",
      "lastKnownFileType": "sourcecode.swift",
      "path": "Account.swift",
      "sourceTree": "<group>"
    },
    "4CF4623DF03C3DE363E0B56F": {
      "isa": "PBXFileReference",
      "lastKnownFileType": "sourcecode.swift",
      "path": "Budget.swift",
      "sourceTree": "<group>"
    },
    "5950C646E32D34E93EABA9EF": {
      "isa": "PBXFileReference",
      "lastKnownFileType": "sourcecode.swift",
      "path": "Category.swift",
      "sourceTree": "<group>"
    },
    "843A91D87C07C74B830ECB18": {
      "isa": "PBXFileReference",
      "lastKnownFileType": "sourcecode.swift",
      "path": "ExchangeRate.swift",
      "sourceTree": "<group>"
    },
    "541E09502E77748865355DFE": {
      "isa": "PBXFileReference",
      "lastKnownFileType": "sourcecode.swift",
      "path": "InstallmentPlan.swift",
      "sourceTree": "<group>"
    },
    "3C22B93B0634A15AD018E806": {
      "isa": "PBXFileReference",
      "lastKnownFileType": "sourcecode.swift",
      "path": "Ledger.swift",
      "sourceTree": "<group>"
    },
    "C15DAB044A80A2EAE11C9D15": {
      "isa": "PBXFileReference",
      "lastKnownFileType": "sourcecode.swift",
      "path": "Member.swift",
      "sourceTree": "<group>"
    },
    "E8C510A32BF279EE9F3A0B52": {
      "isa": "PBXFileReference",
      "lastKnownFileType": "sourcecode.swift",
      "path": "Merchant.swift",
      "sourceTree": "<group>"
    },
    "8354169E6A63B4B9CB44BCE9": {
      "isa": "PBXFileReference",
      "lastKnownFileType": "sourcecode.swift",
      "path": "Project.swift",
      "sourceTree": "<group>"
    },
    "B5ADE49EE78C2B59A32BC95A": {
      "isa": "PBXFileReference",
      "lastKnownFileType": "sourcecode.swift",
      "path": "RecurringRule.swift",
      "sourceTree": "<group>"
    },
    "FC0DA520028935CB779F3147": {
      "isa": "PBXFileReference",
      "lastKnownFileType": "sourcecode.swift",
      "path": "SplitEntry.swift",
      "sourceTree": "<group>"
    },
    "A2DE8647C366E3068EC48BEF": {
      "isa": "PBXFileReference",
      "lastKnownFileType": "sourcecode.swift",
      "path": "SplitGroup.swift",
      "sourceTree": "<group>"
    },
    "F695310E79DF42977ADCC677": {
      "isa": "PBXFileReference",
      "lastKnownFileType": "sourcecode.swift",
      "path": "Transaction.swift",
      "sourceTree": "<group>"
    },
    "78B742E8F53C850C5EE595EE": {
      "isa": "PBXFileReference",
      "lastKnownFileType": "sourcecode.swift",
      "path": "TransactionTemplate.swift",
      "sourceTree": "<group>"
    },
    "AC9D861E80D1DCA0F1C0F9CB": {
      "isa": "PBXFileReference",
      "lastKnownFileType": "sourcecode.swift",
      "path": "User.swift",
      "sourceTree": "<group>"
    },
    "4B83C5649C3586BDE0BC4BB0": {
      "isa": "PBXFileReference",
      "lastKnownFileType": "sourcecode.swift",
      "path": "AccountType.swift",
      "sourceTree": "<group>"
    },
    "4BE7B99FB94F739CEE01D408": {
      "isa": "PBXFileReference",
      "lastKnownFileType": "sourcecode.swift",
      "path": "BudgetPeriod.swift",
      "sourceTree": "<group>"
    },
    "123B9066865398E03B8DD922": {
      "isa": "PBXFileReference",
      "lastKnownFileType": "sourcecode.swift",
      "path": "LedgerRole.swift",
      "sourceTree": "<group>"
    },
    "A57B5AE1DBDD1A82ACF6EDB4": {
      "isa": "PBXFileReference",
      "lastKnownFileType": "sourcecode.swift",
      "path": "LedgerType.swift",
      "sourceTree": "<group>"
    },
    "0862DA55D8BC384B2944EBCB": {
      "isa": "PBXFileReference",
      "lastKnownFileType": "sourcecode.swift",
      "path": "RecurringFrequency.swift",
      "sourceTree": "<group>"
    },
    "38C7BA9D41065C1559BC6594": {
      "isa": "PBXFileReference",
      "lastKnownFileType": "sourcecode.swift",
      "path": "ReimbursementStatus.swift",
      "sourceTree": "<group>"
    },
    "1B29AB99138D90241E214966": {
      "isa": "PBXFileReference",
      "lastKnownFileType": "sourcecode.swift",
      "path": "SplitType.swift",
      "sourceTree": "<group>"
    },
    "E9DCE24DCB1CA0A1C496F038": {
      "isa": "PBXFileReference",
      "lastKnownFileType": "sourcecode.swift",
      "path": "TransactionType.swift",
      "sourceTree": "<group>"
    },
    "869E6C318410086C8418DB7A": {
      "isa": "PBXFileReference",
      "lastKnownFileType": "sourcecode.swift",
      "path": "Color+Hex.swift",
      "sourceTree": "<group>"
    },
    "2C3B6534094377FFBECE3D98": {
      "isa": "PBXFileReference",
      "lastKnownFileType": "sourcecode.swift",
      "path": "Date+Display.swift",
      "sourceTree": "<group>"
    },
    "680CEE6177D7A35D67E08FC3": {
      "isa": "PBXFileReference",
      "lastKnownFileType": "sourcecode.swift",
      "path": "Decimal+Currency.swift",
      "sourceTree": "<group>"
    },
    "1824EA354A3DDDD91C882983": {
      "isa": "PBXFileReference",
      "lastKnownFileType": "sourcecode.swift",
      "path": "View+ConditionalModifier.swift",
      "sourceTree": "<group>"
    },
    "AED97BB9935C8B1476C9B44C": {
      "isa": "PBXFileReference",
      "lastKnownFileType": "sourcecode.swift",
      "path": "BiometricAuth.swift",
      "sourceTree": "<group>"
    },
    "0FD37181CF946710701C84CD": {
      "isa": "PBXFileReference",
      "lastKnownFileType": "sourcecode.swift",
      "path": "CloudKitConfig.swift",
      "sourceTree": "<group>"
    },
    "30A7BF23BB03561C42D70AE8": {
      "isa": "PBXFileReference",
      "lastKnownFileType": "sourcecode.swift",
      "path": "Constants.swift",
      "sourceTree": "<group>"
    },
    "616DDCA24AD507E700D4E02A": {
      "isa": "PBXFileReference",
      "lastKnownFileType": "sourcecode.swift",
      "path": "CurrencyFormatter.swift",
      "sourceTree": "<group>"
    },
    "01D75752123DF42AB96E4272": {
      "isa": "PBXFileReference",
      "lastKnownFileType": "sourcecode.swift",
      "path": "DateFormatters.swift",
      "sourceTree": "<group>"
    },
    "1BD4A1F1B5AEBDDC7F400369": {
      "isa": "PBXFileReference",
      "lastKnownFileType": "sourcecode.swift",
      "path": "Logger.swift",
      "sourceTree": "<group>"
    },
    "49364D66AD60B7797AE0209D": {
      "isa": "PBXFileReference",
      "lastKnownFileType": "sourcecode.swift",
      "path": "RootView.swift",
      "sourceTree": "<group>"
    },
    "300906B684298E7239BFA874": {
      "isa": "PBXFileReference",
      "lastKnownFileType": "sourcecode.swift",
      "path": "MemberListView.swift",
      "sourceTree": "<group>"
    },
    "09771EB93D882023220E07CC": {
      "isa": "PBXFileReference",
      "lastKnownFileType": "sourcecode.swift",
      "path": "MerchantListView.swift",
      "sourceTree": "<group>"
    },
    "3379D417C4AA0EA0AA2B4366": {
      "isa": "PBXFileReference",
      "lastKnownFileType": "sourcecode.swift",
      "path": "ProjectListView.swift",
      "sourceTree": "<group>"
    },
    "942E11744D3E866B2C87DA3F": {
      "isa": "PBXFileReference",
      "lastKnownFileType": "sourcecode.swift",
      "path": "SearchablePickerView.swift",
      "sourceTree": "<group>"
    },
    "8C11EDFBC7413BA6F31DD4A4": {
      "isa": "PBXFileReference",
      "lastKnownFileType": "sourcecode.swift",
      "path": "TransactionRowView.swift",
      "sourceTree": "<group>"
    },
    "6A7527DEC9B7F7F4A25ADBC7": {
      "isa": "PBXFileReference",
      "lastKnownFileType": "sourcecode.swift",
      "path": "AddEditTransactionView.swift",
      "sourceTree": "<group>"
    },
    "5640103E5835D55C3875566E": {
      "isa": "PBXFileReference",
      "lastKnownFileType": "sourcecode.swift",
      "path": "TransactionDetailView.swift",
      "sourceTree": "<group>"
    },
    "979E204D2E243EDB0A12BEA4": {
      "isa": "PBXFileReference",
      "lastKnownFileType": "sourcecode.swift",
      "path": "TransactionListView.swift",
      "sourceTree": "<group>"
    },
    "89DBFB59681FF75B16E21478": {
      "isa": "PBXFileReference",
      "lastKnownFileType": "sourcecode.swift",
      "path": "AccountDetailView.swift",
      "sourceTree": "<group>"
    },
    "633DAA0D7A1EA35858B5D954": {
      "isa": "PBXFileReference",
      "lastKnownFileType": "sourcecode.swift",
      "path": "AccountListView.swift",
      "sourceTree": "<group>"
    },
    "68CE49DF8E68612B65F18AA5": {
      "isa": "PBXFileReference",
      "lastKnownFileType": "sourcecode.swift",
      "path": "AccountRowView.swift",
      "sourceTree": "<group>"
    },
    "A34FD357885AD857D31AA01C": {
      "isa": "PBXFileReference",
      "lastKnownFileType": "sourcecode.swift",
      "path": "AccountsManagementView.swift",
      "sourceTree": "<group>"
    },
    "0717F2FADE0D27C070224E90": {
      "isa": "PBXFileReference",
      "lastKnownFileType": "sourcecode.swift",
      "path": "AddEditAccountView.swift",
      "sourceTree": "<group>"
    },
    "E2FC3138D0335E3DBF2CF209": {
      "isa": "PBXFileReference",
      "lastKnownFileType": "sourcecode.swift",
      "path": "AddEditTemplateView.swift",
      "sourceTree": "<group>"
    },
    "8C8B386C22A054949810A8DE": {
      "isa": "PBXFileReference",
      "lastKnownFileType": "sourcecode.swift",
      "path": "TemplateListView.swift",
      "sourceTree": "<group>"
    },
    "81E45422E819C2F19D318139": {
      "isa": "PBXFileReference",
      "lastKnownFileType": "sourcecode.swift",
      "path": "DashboardView.swift",
      "sourceTree": "<group>"
    },
    "E0191AE80F2BBB549630994E": {
      "isa": "PBXFileReference",
      "lastKnownFileType": "sourcecode.swift",
      "path": "MainTabView.swift",
      "sourceTree": "<group>"
    },
    "002EF7F08431743F01C363C7": {
      "isa": "PBXFileReference",
      "lastKnownFileType": "sourcecode.swift",
      "path": "SettingsView.swift",
      "sourceTree": "<group>"
    },
    "0570382A1B9150D0FE63C273": {
      "isa": "PBXFileReference",
      "lastKnownFileType": "sourcecode.swift",
      "path": "AddEditCategoryView.swift",
      "sourceTree": "<group>"
    },
    "7F2EE79BE972F3B0CA2CC7D7": {
      "isa": "PBXFileReference",
      "lastKnownFileType": "sourcecode.swift",
      "path": "CategoryListView.swift",
      "sourceTree": "<group>"
    },
    "60AB34C39292D3BB074364F5": {
      "isa": "PBXFileReference",
      "lastKnownFileType": "sourcecode.swift",
      "path": "CreateLedgerView.swift",
      "sourceTree": "<group>"
    },
    "0DEA46D0089C646200D27B77": {
      "isa": "PBXFileReference",
      "lastKnownFileType": "sourcecode.swift",
      "path": "JoinLedgerView.swift",
      "sourceTree": "<group>"
    },
    "6A09DFAB608B7D5ABCFBAB48": {
      "isa": "PBXFileReference",
      "lastKnownFileType": "sourcecode.swift",
      "path": "OnboardingView.swift",
      "sourceTree": "<group>"
    },
    "1FD60ED36414C665A9E3DF7F": {
      "isa": "PBXFileReference",
      "lastKnownFileType": "sourcecode.swift",
      "path": "ReportsView.swift",
      "sourceTree": "<group>"
    },
    "E63522FC24F70BAA3ED09CB9": {
      "isa": "PBXFileReference",
      "lastKnownFileType": "sourcecode.swift",
      "path": "CategorySeeder.swift",
      "sourceTree": "<group>"
    },
    "B8BB286FB08AB505EAE05804": {
      "isa": "PBXFileReference",
      "lastKnownFileType": "sourcecode.swift",
      "path": "AccountServiceImpl.swift",
      "sourceTree": "<group>"
    },
    "4BCF1A0598A529F57FA92893": {
      "isa": "PBXFileReference",
      "lastKnownFileType": "sourcecode.swift",
      "path": "CategoryServiceImpl.swift",
      "sourceTree": "<group>"
    },
    "5C33C5AB9EB98872A155251A": {
      "isa": "PBXFileReference",
      "lastKnownFileType": "sourcecode.swift",
      "path": "LedgerServiceImpl.swift",
      "sourceTree": "<group>"
    },
    "8AEEA720C57BCDC5B0AB899D": {
      "isa": "PBXFileReference",
      "lastKnownFileType": "sourcecode.swift",
      "path": "MemberServiceImpl.swift",
      "sourceTree": "<group>"
    },
    "14286D8726978622DCA38B1F": {
      "isa": "PBXFileReference",
      "lastKnownFileType": "sourcecode.swift",
      "path": "MerchantServiceImpl.swift",
      "sourceTree": "<group>"
    },
    "EC2ED4D969FF665EDE558C14": {
      "isa": "PBXFileReference",
      "lastKnownFileType": "sourcecode.swift",
      "path": "ProjectServiceImpl.swift",
      "sourceTree": "<group>"
    },
    "ACF33BE7C1C33F5B95307988": {
      "isa": "PBXFileReference",
      "lastKnownFileType": "sourcecode.swift",
      "path": "RecurringServiceImpl.swift",
      "sourceTree": "<group>"
    },
    "9F2082BE56246CA6F98D918C": {
      "isa": "PBXFileReference",
      "lastKnownFileType": "sourcecode.swift",
      "path": "TemplateServiceImpl.swift",
      "sourceTree": "<group>"
    },
    "1C9129B1EACD775E7DEFFE6F": {
      "isa": "PBXFileReference",
      "lastKnownFileType": "sourcecode.swift",
      "path": "TransactionServiceImpl.swift",
      "sourceTree": "<group>"
    },
    "E32CDB8867F6A3505B4A7910": {
      "isa": "PBXFileReference",
      "lastKnownFileType": "sourcecode.swift",
      "path": "AccountServiceProtocol.swift",
      "sourceTree": "<group>"
    },
    "408D9FF9F272EC495C946046": {
      "isa": "PBXFileReference",
      "lastKnownFileType": "sourcecode.swift",
      "path": "BudgetServiceProtocol.swift",
      "sourceTree": "<group>"
    },
    "5C9AD40C4F443580539DBE2B": {
      "isa": "PBXFileReference",
      "lastKnownFileType": "sourcecode.swift",
      "path": "CategoryServiceProtocol.swift",
      "sourceTree": "<group>"
    },
    "FB18074394D7CADFC89B2D67": {
      "isa": "PBXFileReference",
      "lastKnownFileType": "sourcecode.swift",
      "path": "CurrencyServiceProtocol.swift",
      "sourceTree": "<group>"
    },
    "865CD094F9E94DE4C2138BB8": {
      "isa": "PBXFileReference",
      "lastKnownFileType": "sourcecode.swift",
      "path": "ExchangeRateServiceProtocol.swift",
      "sourceTree": "<group>"
    },
    "0A3BECB91DEF16E35F62A662": {
      "isa": "PBXFileReference",
      "lastKnownFileType": "sourcecode.swift",
      "path": "ExportServiceProtocol.swift",
      "sourceTree": "<group>"
    },
    "BE0581AEBDBEF36C8C373483": {
      "isa": "PBXFileReference",
      "lastKnownFileType": "sourcecode.swift",
      "path": "InstallmentServiceProtocol.swift",
      "sourceTree": "<group>"
    },
    "19738FF36D10106B947C6A7A": {
      "isa": "PBXFileReference",
      "lastKnownFileType": "sourcecode.swift",
      "path": "LedgerServiceProtocol.swift",
      "sourceTree": "<group>"
    },
    "B3AF3A57D98AF9971AA6B6BD": {
      "isa": "PBXFileReference",
      "lastKnownFileType": "sourcecode.swift",
      "path": "MemberServiceProtocol.swift",
      "sourceTree": "<group>"
    },
    "63446C2A98E1F8D484F47DF5": {
      "isa": "PBXFileReference",
      "lastKnownFileType": "sourcecode.swift",
      "path": "MerchantServiceProtocol.swift",
      "sourceTree": "<group>"
    },
    "DD1D998232FDB38B5BD81C15": {
      "isa": "PBXFileReference",
      "lastKnownFileType": "sourcecode.swift",
      "path": "ProjectServiceProtocol.swift",
      "sourceTree": "<group>"
    },
    "C2CD963B2C2BD0D35D5D49EE": {
      "isa": "PBXFileReference",
      "lastKnownFileType": "sourcecode.swift",
      "path": "RecurringServiceProtocol.swift",
      "sourceTree": "<group>"
    },
    "13A27CA96743727FDD560642": {
      "isa": "PBXFileReference",
      "lastKnownFileType": "sourcecode.swift",
      "path": "SplitServiceProtocol.swift",
      "sourceTree": "<group>"
    },
    "A57DC433798434D184024462": {
      "isa": "PBXFileReference",
      "lastKnownFileType": "sourcecode.swift",
      "path": "SyncServiceProtocol.swift",
      "sourceTree": "<group>"
    },
    "F6C3C5850CB1904E1775012A": {
      "isa": "PBXFileReference",
      "lastKnownFileType": "sourcecode.swift",
      "path": "TemplateServiceProtocol.swift",
      "sourceTree": "<group>"
    },
    "7A17CF9388F2D9B8235012F5": {
      "isa": "PBXFileReference",
      "lastKnownFileType": "sourcecode.swift",
      "path": "TransactionServiceProtocol.swift",
      "sourceTree": "<group>"
    },
    "7DB63CE4205FA78E2BE83CF3": {
      "isa": "PBXFileReference",
      "lastKnownFileType": "folder.assetcatalog",
      "path": "Assets.xcassets",
      "sourceTree": "<group>"
    },
    "2D373F9288324FC051BED1CA": {
      "isa": "PBXFrameworksBuildPhase",
      "buildActionMask": "2147483647",
      "files": [],
      "runOnlyForDeploymentPostprocessing": "0"
    },
    "88932FD6DD0EDC80FBF1C921": {
      "isa": "PBXGroup",
      "children": [
        "1034C7815287DAE7BF2D7474",
        "0E67BE8D2A5AA9DFE4D9A3C1"
      ],
      "sourceTree": "<group>"
    },
    "0E67BE8D2A5AA9DFE4D9A3C1": {
      "isa": "PBXGroup",
      "children": [
        "B32C03A63952C3F6371B88FA"
      ],
      "name": "Products",
      "sourceTree": "<group>"
    },
    "1034C7815287DAE7BF2D7474": {
      "isa": "PBXGroup",
      "children": [
        "52F9091D742FCE20260EAC52",
        "3017D10289DEA882FD8F3D17",
        "368AB4F546722A1C79687401",
        "EFCD0BFD684EAF47070F47DA",
        "7F747DE33FD0DC98D0DCA16C",
        "7D7137E849301B98160B9381",
        "2469BC100ABAA3D44E5AFAC5",
        "C86792480592B324CE5C56AF",
        "4C0EF7C2B13D25979F6369DB"
      ],
      "name": "FirstCC",
      "path": "FirstCC",
      "sourceTree": "<group>"
    },
    "52F9091D742FCE20260EAC52": {
      "isa": "PBXGroup",
      "children": [
        "869E6C318410086C8418DB7A",
        "2C3B6534094377FFBECE3D98",
        "680CEE6177D7A35D67E08FC3",
        "1824EA354A3DDDD91C882983"
      ],
      "name": "Extensions",
      "path": "Extensions",
      "sourceTree": "<group>"
    },
    "3017D10289DEA882FD8F3D17": {
      "isa": "PBXGroup",
      "children": [
        "B9926311209E498DFA243A06",
        "B1B7BD8BFB5996FAC8E63F8D",
        "4CF4623DF03C3DE363E0B56F",
        "5950C646E32D34E93EABA9EF",
        "843A91D87C07C74B830ECB18",
        "541E09502E77748865355DFE",
        "3C22B93B0634A15AD018E806",
        "C15DAB044A80A2EAE11C9D15",
        "E8C510A32BF279EE9F3A0B52",
        "8354169E6A63B4B9CB44BCE9",
        "B5ADE49EE78C2B59A32BC95A",
        "FC0DA520028935CB779F3147",
        "A2DE8647C366E3068EC48BEF",
        "F695310E79DF42977ADCC677",
        "78B742E8F53C850C5EE595EE",
        "AC9D861E80D1DCA0F1C0F9CB",
        "7310CF2AAAE940F9823BA210"
      ],
      "name": "Models",
      "path": "Models",
      "sourceTree": "<group>"
    },
    "368AB4F546722A1C79687401": {
      "isa": "PBXGroup",
      "children": [
        "B7179DD40F926BA5C3E05A8B",
        "7DB63CE4205FA78E2BE83CF3",
        "2286DC79AA2C4D27B9EF515F"
      ],
      "name": "Resources",
      "path": "Resources",
      "sourceTree": "<group>"
    },
    "EFCD0BFD684EAF47070F47DA": {
      "isa": "PBXGroup",
      "children": [
        "E8C13684C6CDD2147175124A",
        "EA260DA06D1FD01FE9DDD035",
        "E63522FC24F70BAA3ED09CB9"
      ],
      "name": "Services",
      "path": "Services",
      "sourceTree": "<group>"
    },
    "7F747DE33FD0DC98D0DCA16C": {
      "isa": "PBXGroup",
      "children": [
        "AED97BB9935C8B1476C9B44C",
        "0FD37181CF946710701C84CD",
        "30A7BF23BB03561C42D70AE8",
        "616DDCA24AD507E700D4E02A",
        "01D75752123DF42AB96E4272",
        "1BD4A1F1B5AEBDDC7F400369",
        "75A2E2F55E2C447CB5A50612"
      ],
      "name": "Utilities",
      "path": "Utilities",
      "sourceTree": "<group>"
    },
    "7D7137E849301B98160B9381": {
      "isa": "PBXGroup",
      "children": [
        "72F57251B9C5FD271B8EE399",
        "5FC8D84871E3B70292214887"
      ],
      "name": "ViewModels",
      "path": "ViewModels",
      "sourceTree": "<group>"
    },
    "2469BC100ABAA3D44E5AFAC5": {
      "isa": "PBXGroup",
      "children": [
        "1701047D11916A0D1A305F21",
        "D3FF1217FC1E873321E064C1",
        "0850F93311FE032BB8E86C55",
        "70D7BE057289A0AB182528D0",
        "F8C3A4171F38FE203852329C",
        "E92846422C3B70B59FD919BA",
        "3CADCC2FF717CC9CDD60F912",
        "AEFB5EBD2D59C9844FEB0CCC",
        "4799740253C08B485C6D33BD",
        "49364D66AD60B7797AE0209D",
        "763D98CFD4394FE9AF9BE496",
        "EF50A22551E447B1A62FA1FE"
      ],
      "name": "Views",
      "path": "Views",
      "sourceTree": "<group>"
    },
    "B9926311209E498DFA243A06": {
      "isa": "PBXGroup",
      "children": [
        "4B83C5649C3586BDE0BC4BB0",
        "4BE7B99FB94F739CEE01D408",
        "123B9066865398E03B8DD922",
        "A57B5AE1DBDD1A82ACF6EDB4",
        "0862DA55D8BC384B2944EBCB",
        "38C7BA9D41065C1559BC6594",
        "1B29AB99138D90241E214966",
        "E9DCE24DCB1CA0A1C496F038",
        "79050E2BD64C4A04BCBEB390",
        "C946718662C04E89B2E9DDBF"
      ],
      "name": "Enums",
      "path": "Enums",
      "sourceTree": "<group>"
    },
    "B7179DD40F926BA5C3E05A8B": {
      "isa": "PBXGroup",
      "children": [
        "81BF490865B8B124033F5C78"
      ],
      "name": "Assets.xcassets",
      "path": "Assets.xcassets",
      "sourceTree": "<group>"
    },
    "E8C13684C6CDD2147175124A": {
      "isa": "PBXGroup",
      "children": [
        "B8BB286FB08AB505EAE05804",
        "4BCF1A0598A529F57FA92893",
        "5C33C5AB9EB98872A155251A",
        "8AEEA720C57BCDC5B0AB899D",
        "14286D8726978622DCA38B1F",
        "EC2ED4D969FF665EDE558C14",
        "ACF33BE7C1C33F5B95307988",
        "9F2082BE56246CA6F98D918C",
        "1C9129B1EACD775E7DEFFE6F",
        "406A3EA063094D7DB040079A"
      ],
      "name": "Implementations",
      "path": "Implementations",
      "sourceTree": "<group>"
    },
    "EA260DA06D1FD01FE9DDD035": {
      "isa": "PBXGroup",
      "children": [
        "E32CDB8867F6A3505B4A7910",
        "408D9FF9F272EC495C946046",
        "5C9AD40C4F443580539DBE2B",
        "FB18074394D7CADFC89B2D67",
        "865CD094F9E94DE4C2138BB8",
        "0A3BECB91DEF16E35F62A662",
        "BE0581AEBDBEF36C8C373483",
        "19738FF36D10106B947C6A7A",
        "B3AF3A57D98AF9971AA6B6BD",
        "63446C2A98E1F8D484F47DF5",
        "DD1D998232FDB38B5BD81C15",
        "C2CD963B2C2BD0D35D5D49EE",
        "13A27CA96743727FDD560642",
        "A57DC433798434D184024462",
        "F6C3C5850CB1904E1775012A",
        "7A17CF9388F2D9B8235012F5"
      ],
      "name": "Protocols",
      "path": "Protocols",
      "sourceTree": "<group>"
    },
    "1701047D11916A0D1A305F21": {
      "isa": "PBXGroup",
      "children": [
        "89DBFB59681FF75B16E21478",
        "633DAA0D7A1EA35858B5D954",
        "68CE49DF8E68612B65F18AA5",
        "A34FD357885AD857D31AA01C",
        "0717F2FADE0D27C070224E90"
      ],
      "name": "Accounts",
      "path": "Accounts",
      "sourceTree": "<group>"
    },
    "D3FF1217FC1E873321E064C1": {
      "isa": "PBXGroup",
      "children": [
        "0570382A1B9150D0FE63C273",
        "7F2EE79BE972F3B0CA2CC7D7"
      ],
      "name": "Categories",
      "path": "Categories",
      "sourceTree": "<group>"
    },
    "0850F93311FE032BB8E86C55": {
      "isa": "PBXGroup",
      "children": [
        "6E9F2F73566C4007AC5A5056",
        "942E11744D3E866B2C87DA3F",
        "8C11EDFBC7413BA6F31DD4A4",
        "59642A2745CF4D4E823D0E87",
        "DDAA1B7CA837485DB2B9BD02"
      ],
      "name": "Components",
      "path": "Components",
      "sourceTree": "<group>"
    },
    "70D7BE057289A0AB182528D0": {
      "isa": "PBXGroup",
      "children": [
        "81E45422E819C2F19D318139",
        "E0191AE80F2BBB549630994E",
        "002EF7F08431743F01C363C7"
      ],
      "name": "Main",
      "path": "Main",
      "sourceTree": "<group>"
    },
    "F8C3A4171F38FE203852329C": {
      "isa": "PBXGroup",
      "children": [
        "60AB34C39292D3BB074364F5",
        "0DEA46D0089C646200D27B77",
        "6A09DFAB608B7D5ABCFBAB48"
      ],
      "name": "Onboarding",
      "path": "Onboarding",
      "sourceTree": "<group>"
    },
    "E92846422C3B70B59FD919BA": {
      "isa": "PBXGroup",
      "children": [
        "1FD60ED36414C665A9E3DF7F"
      ],
      "name": "Reports",
      "path": "Reports",
      "sourceTree": "<group>"
    },
    "3CADCC2FF717CC9CDD60F912": {
      "isa": "PBXGroup",
      "children": [
        "300906B684298E7239BFA874",
        "09771EB93D882023220E07CC",
        "3379D417C4AA0EA0AA2B4366"
      ],
      "name": "Settings",
      "path": "Settings",
      "sourceTree": "<group>"
    },
    "AEFB5EBD2D59C9844FEB0CCC": {
      "isa": "PBXGroup",
      "children": [
        "E2FC3138D0335E3DBF2CF209",
        "8C8B386C22A054949810A8DE",
        "85225EB98FA6C84F05A18907",
        "900EC6B0A9793D05DDC86466"
      ],
      "name": "Templates",
      "path": "Templates",
      "sourceTree": "<group>"
    },
    "4799740253C08B485C6D33BD": {
      "isa": "PBXGroup",
      "children": [
        "6A7527DEC9B7F7F4A25ADBC7",
        "5640103E5835D55C3875566E",
        "979E204D2E243EDB0A12BEA4",
        "EE1D0DD8DACD46A5B2B1D131",
        "73D34C8339F54CB492EE2D47"
      ],
      "name": "Transactions",
      "path": "Transactions",
      "sourceTree": "<group>"
    },
    "730950AD798A77AD508AA9E2": {
      "isa": "PBXNativeTarget",
      "buildConfigurationList": "0940312D5B1CC5AC53510955",
      "buildPhases": [
        "6E4205D323F02DDAC17D2D9D",
        "2D373F9288324FC051BED1CA",
        "B6F5F62AA7C0481FBB52059E"
      ],
      "buildRules": [],
      "dependencies": [],
      "name": "\u8361\u6f3e\u8ba1\u7136",
      "productName": "\u8361\u6f3e\u8ba1\u7136",
      "productReference": "B32C03A63952C3F6371B88FA",
      "productType": "com.apple.product-type.application"
    },
    "1781F676DEDF5767F3243DB0": {
      "isa": "PBXProject",
      "attributes": {
        "BuildIndependentTargetsInParallel": "1",
        "LastSwiftUpdateCheck": "2600",
        "LastUpgradeCheck": "2600",
        "TargetAttributes": {
          "730950AD798A77AD508AA9E2": {
            "CreatedOnToolsVersion": "26.4.1"
          }
        }
      },
      "buildConfigurationList": "ED1E725F939981FEAA4F7D8B",
      "compatibilityVersion": "Xcode 16.0",
      "developmentRegion": "zh-Hans",
      "hasScannedForEncodings": "0",
      "knownRegions": [
        "en",
        "zh-Hans",
        "zh-Hant"
      ],
      "mainGroup": "88932FD6DD0EDC80FBF1C921",
      "productRefGroup": "0E67BE8D2A5AA9DFE4D9A3C1",
      "projectDirPath": "",
      "projectRoot": "",
      "targets": [
        "730950AD798A77AD508AA9E2"
      ]
    },
    "B6F5F62AA7C0481FBB52059E": {
      "isa": "PBXResourcesBuildPhase",
      "buildActionMask": "2147483647",
      "files": [
        "4C123E5116650484726DA9F7",
        "E22A08A4A1214CB899442FAD"
      ],
      "runOnlyForDeploymentPostprocessing": "0"
    },
    "6E4205D323F02DDAC17D2D9D": {
      "isa": "PBXSourcesBuildPhase",
      "buildActionMask": "2147483647",
      "files": [
        "12E4D435E85A4CE09B340827",
        "00FE454829EC1192C6DD25FD",
        "2857D59369AE8F20570D49EA",
        "2DFB991AF8870990C662B671",
        "383A594D2396472824F1819B",
        "1E0A3F94C85B8CE4A811B51E",
        "1A5821E544132F6B9C54AB9D",
        "040F454363C3899C930E5EA9",
        "2E0ABDDF4E695B9BF174B94A",
        "2AB3BB1E70F17CE3D1588AF0",
        "453F93629311047F68EB7964",
        "142C1C7208E941C634D680BB",
        "0413A5782ACA7ADA6B646EA2",
        "E511A28BB2D7064A2331984B",
        "73155BDE31ACEFB4B8D29811",
        "F7065897D1EDC44C60A07BD4",
        "C2A6B9A2D4703D50CFC6C197",
        "77E2C944A27CD320313C9858",
        "3A0F506C24EEE41674E5E900",
        "6BCAD05F34DE19C77351E161",
        "D3457CA23D2D3DD4E32DEB26",
        "90CC01F2DAC7455D7D6EC0DD",
        "FD2C9721768BC0DECAFBD9EA",
        "E729F46244D4AF2C14CD1E18",
        "320312CB6C13D0D577E196A5",
        "259F84F82295D2E24D14AF0F",
        "041050EEC8178B6B1DF37B13",
        "EB18D2087CAA47F8BA0AC140",
        "E33096BE42DA5E77619F8962",
        "CC67BD94E5AC1812FCFAF338",
        "19AD8141D819C5B832F2C425",
        "6F8FFA761DA08B251307762E",
        "1AD18E044CFCFE47043ACECD",
        "FD91B103255DEB923850049C",
        "E620555961FEB232550C5A0F",
        "F882A518E36393398F41A4D3",
        "EF4E9D8DCEDD1B10B2C7722D",
        "B7A42A252BC1A2076CE28411",
        "512D26F8E750CDF09C49D945",
        "C8B3B5204629C63D2C14A146",
        "17B543C80095054EE83DB87E",
        "C6A28993268E7ACC022E55A2",
        "ADB53C1D3DACDF4D57030627",
        "17469B250263A15F7E5A9CA7",
        "31517376DF4F45270BBF9C9F",
        "5E71CD41BDB011262314E89E",
        "0C632EDC5C511E7EFA7938C3",
        "FFD3CC4FA09133AB7E0CFC53",
        "50A74DAF679E7C864CE131E6",
        "DE689EACC4E2CE4783DA0BCE",
        "4A888FB3B3B32157EFF02F56",
        "A350DAD34CE9AEEAE6189C85",
        "A1D107127733190AA6AD0456",
        "5B6792441E0CBFBB7D6A2F22",
        "578CDB00E5EC00FB28C23751",
        "1DF4BA4970A2C6CB74A57A49",
        "47925836F662AA48D8B66332",
        "78CB1BC6FB04CD1F772FE1DA",
        "7221F6C6410549F3F2F0442F",
        "2817786A0462D8D0BE861396",
        "9FD605249C139E0F3774CC2B",
        "6431B07CDB18F4B06132B0F6",
        "5CC0F61CE4E0391D714C4719",
        "82E34F6926D5EA39AACE8C57",
        "B9F94DF7A9EEDD35D126454F",
        "94184FBC111B603A6D7FA21F",
        "21EE076D956E74C3EC22A9F6",
        "ADBE28204CA0156801F20C78",
        "1AAB27D5F697497D2255AAF6",
        "EF3B59EA618492F55709E4C0",
        "96A9BBF3F09D559493202F3F",
        "D1A1F5BDD847FB6D0376A7B8",
        "803DB65AEFD59F91515684DC",
        "31CECFE9E5215CF1F8C36120",
        "E68531E992371AE2949D8343",
        "641B5B34CADFD251244FBCEC",
        "3D78916C16CB0897606B4FD7",
        "517D6324F03D3B3A354D6D42",
        "C1D67EB2243A69FD46E300EC",
        "4FC09702E2BCB7B6525B60FE",
        "87B96E58240A2C4D75801B2D",
        "53B3187B6D014EEFC21F7394",
        "CDFC7FB809EAE2016039BF8A",
        "F7D55B0A36612442816CF219",
        "EB2A49685F30A85843800382",
        "41CFA25D85BF13D28B660A3C",
        "D654F83E82DE3B07BDC54B2D",
        "B8AD9E2FF24CC74463C1C14D",
        "3AFF31E756FE989CD7E558C3",
        "61AC18C84DE94A62867A6213",
        "A86BC5D777FC40E08314BF4B",
        "DA4AD4D2C7534706A2B263FA",
        "6090008E243045DBA1FF1363",
        "F3EFD0A336694A249A90278C",
        "B78DAD374A5B41A0A0027493",
        "1E8FB9E30FCB47E5A5A6E1CE",
        "10AA9A2E187A41FE8B82598A",
        "2A9727ED92C14033AB0C3018",
        "778F31677D9941268BD63836",
        "902992FFE8414678883D2B5E",
        "8AF04D5A54F94AB5912E898D",
        "A756709FC464473D81FD6E53",
        "651C5508977649FD9BE4B222",
        "DA9FCCCFF00249B6A17C063E",
        "DC36F459EE1A6B4AA8369911",
        "2EDCCFAF5AE92F3DE7B6BD8F"
      ],
      "runOnlyForDeploymentPostprocessing": "0"
    },
    "F475504BEE6673842BA5B48F": {
      "isa": "XCBuildConfiguration",
      "buildSettings": {
        "ALWAYS_SEARCH_USER_PATHS": "NO",
        "ASSETCATALOG_COMPILER_GENERATE_SWIFT_ASSET_SYMBOL_EXTENSIONS": "YES",
        "CLANG_ANALYZER_NONNULL": "YES",
        "CLANG_ANALYZER_NUMBER_OBJECT_CONVERSION": "YES_AGGRESSIVE",
        "CLANG_CXX_LANGUAGE_STANDARD": "gnu++20",
        "CLANG_ENABLE_MODULES": "YES",
        "CLANG_ENABLE_OBJC_ARC": "YES",
        "CLANG_ENABLE_OBJC_WEAK": "YES",
        "CLANG_WARN_BLOCK_CAPTURE_AUTORELEASING": "YES",
        "CLANG_WARN_BOOL_CONVERSION": "YES",
        "CLANG_WARN_COMMA": "YES",
        "CLANG_WARN_CONSTANT_CONVERSION": "YES",
        "CLANG_WARN_DEPRECATED_OBJC_IMPLEMENTATIONS": "YES",
        "CLANG_WARN_DIRECT_OBJC_ISA_USAGE": "YES_ERROR",
        "CLANG_WARN_DOCUMENTATION_COMMENTS": "YES",
        "CLANG_WARN_EMPTY_BODY": "YES",
        "CLANG_WARN_ENUM_CONVERSION": "YES",
        "CLANG_WARN_INFINITE_RECURSION": "YES",
        "CLANG_WARN_INT_CONVERSION": "YES",
        "CLANG_WARN_NON_LITERAL_NULL_CONVERSION": "YES",
        "CLANG_WARN_OBJC_IMPLICIT_RETAIN_SELF": "YES",
        "CLANG_WARN_OBJC_LITERAL_CONVERSION": "YES",
        "CLANG_WARN_OBJC_ROOT_CLASS": "YES_ERROR",
        "CLANG_WARN_QUOTED_INCLUDE_IN_FRAMEWRITE_HEADER": "YES",
        "CLANG_WARN_RANGE_LOOP_ANALYSIS": "YES",
        "CLANG_WARN_STRICT_PROTOTYPES": "YES",
        "CLANG_WARN_SUSPICIOUS_MOVE": "YES",
        "CLANG_WARN_UNGUARDED_AVAILABILITY": "YES_AGGRESSIVE",
        "CLANG_WARN_UNREACHABLE_CODE": "YES",
        "CLANG_WARN__DUPLICATE_METHOD_MATCH": "YES",
        "COPY_PHASE_STRIP": "NO",
        "ENABLE_STRICT_OBJC_MSGSEND": "YES",
        "ENABLE_USER_SCRIPT_SANDBOXING": "YES",
        "GCC_C_LANGUAGE_STANDARD": "gnu17",
        "GCC_NO_COMMON_BLOCKS": "YES",
        "GCC_WARN_64_TO_32_BIT_CONVERSION": "YES",
        "GCC_WARN_ABOUT_RETURN_TYPE": "YES_ERROR",
        "GCC_WARN_UNDECLARED_SELECTOR": "YES",
        "GCC_WARN_UNINITIALIZED_AUTOS": "YES_AGGRESSIVE",
        "GCC_WARN_UNUSED_FUNCTION": "YES",
        "GCC_WARN_UNUSED_VARIABLE": "YES",
        "IPHONEOS_DEPLOYMENT_TARGET": "18.0",
        "LOCALIZATION_PREFERS_STRING_CATALOGS": "YES",
        "SDKROOT": "iphoneos",
        "DEBUG_INFORMATION_FORMAT": "dwarf",
        "ENABLE_TESTABILITY": "YES",
        "GCC_DYNAMIC_NO_PIC": "NO",
        "GCC_OPTIMIZATION_LEVEL": "0",
        "GCC_PREPROCESSOR_DEFINITIONS": [
          "DEBUG=1",
          "$(inherited)"
        ],
        "MTL_ENABLE_DEBUG_INFO": "INCLUDE_SOURCE",
        "MTL_FAST_MATH": "YES",
        "ONLY_ACTIVE_ARCH": "YES",
        "SWIFT_ACTIVE_COMPILATION_CONDITIONS": "DEBUG $(inherited)",
        "SWIFT_OPTIMIZATION_LEVEL": "-Onone"
      },
      "name": "Debug"
    },
    "FD5B11AFF7BFD13AFE6EDD90": {
      "isa": "XCBuildConfiguration",
      "buildSettings": {
        "ALWAYS_SEARCH_USER_PATHS": "NO",
        "ASSETCATALOG_COMPILER_GENERATE_SWIFT_ASSET_SYMBOL_EXTENSIONS": "YES",
        "CLANG_ANALYZER_NONNULL": "YES",
        "CLANG_ANALYZER_NUMBER_OBJECT_CONVERSION": "YES_AGGRESSIVE",
        "CLANG_CXX_LANGUAGE_STANDARD": "gnu++20",
        "CLANG_ENABLE_MODULES": "YES",
        "CLANG_ENABLE_OBJC_ARC": "YES",
        "CLANG_ENABLE_OBJC_WEAK": "YES",
        "CLANG_WARN_BLOCK_CAPTURE_AUTORELEASING": "YES",
        "CLANG_WARN_BOOL_CONVERSION": "YES",
        "CLANG_WARN_COMMA": "YES",
        "CLANG_WARN_CONSTANT_CONVERSION": "YES",
        "CLANG_WARN_DEPRECATED_OBJC_IMPLEMENTATIONS": "YES",
        "CLANG_WARN_DIRECT_OBJC_ISA_USAGE": "YES_ERROR",
        "CLANG_WARN_DOCUMENTATION_COMMENTS": "YES",
        "CLANG_WARN_EMPTY_BODY": "YES",
        "CLANG_WARN_ENUM_CONVERSION": "YES",
        "CLANG_WARN_INFINITE_RECURSION": "YES",
        "CLANG_WARN_INT_CONVERSION": "YES",
        "CLANG_WARN_NON_LITERAL_NULL_CONVERSION": "YES",
        "CLANG_WARN_OBJC_IMPLICIT_RETAIN_SELF": "YES",
        "CLANG_WARN_OBJC_LITERAL_CONVERSION": "YES",
        "CLANG_WARN_OBJC_ROOT_CLASS": "YES_ERROR",
        "CLANG_WARN_QUOTED_INCLUDE_IN_FRAMEWRITE_HEADER": "YES",
        "CLANG_WARN_RANGE_LOOP_ANALYSIS": "YES",
        "CLANG_WARN_STRICT_PROTOTYPES": "YES",
        "CLANG_WARN_SUSPICIOUS_MOVE": "YES",
        "CLANG_WARN_UNGUARDED_AVAILABILITY": "YES_AGGRESSIVE",
        "CLANG_WARN_UNREACHABLE_CODE": "YES",
        "CLANG_WARN__DUPLICATE_METHOD_MATCH": "YES",
        "COPY_PHASE_STRIP": "NO",
        "ENABLE_STRICT_OBJC_MSGSEND": "YES",
        "ENABLE_USER_SCRIPT_SANDBOXING": "YES",
        "GCC_C_LANGUAGE_STANDARD": "gnu17",
        "GCC_NO_COMMON_BLOCKS": "YES",
        "GCC_WARN_64_TO_32_BIT_CONVERSION": "YES",
        "GCC_WARN_ABOUT_RETURN_TYPE": "YES_ERROR",
        "GCC_WARN_UNDECLARED_SELECTOR": "YES",
        "GCC_WARN_UNINITIALIZED_AUTOS": "YES_AGGRESSIVE",
        "GCC_WARN_UNUSED_FUNCTION": "YES",
        "GCC_WARN_UNUSED_VARIABLE": "YES",
        "IPHONEOS_DEPLOYMENT_TARGET": "18.0",
        "LOCALIZATION_PREFERS_STRING_CATALOGS": "YES",
        "SDKROOT": "iphoneos",
        "DEBUG_INFORMATION_FORMAT": "dwarf-with-dsym",
        "ENABLE_NS_ASSERTIONS": "NO",
        "MTL_ENABLE_DEBUG_INFO": "NO",
        "MTL_FAST_MATH": "YES",
        "SWIFT_COMPILATION_MODE": "wholemodule",
        "VALIDATE_PRODUCT": "YES"
      },
      "name": "Release"
    },
    "78FA0311366E281EDE734449": {
      "isa": "XCBuildConfiguration",
      "buildSettings": {
        "ASSETCATALOG_COMPILER_APPICON_NAME": "AppIcon",
        "ASSETCATALOG_COMPILER_GLOBAL_ACCENT_COLOR_NAME": "AccentColor",
        "CODE_SIGN_STYLE": "Automatic",
        "CURRENT_PROJECT_VERSION": "1",
        "ENABLE_PREVIEWS": "YES",
        "GENERATE_INFOPLIST_FILE": "YES",
        "INFOPLIST_KEY_UIApplicationSceneManifest_Generation": "YES",
        "INFOPLIST_KEY_UIApplicationSupportsIndirectInputEvents": "YES",
        "INFOPLIST_KEY_UILaunchScreen_Generation": "YES",
        "INFOPLIST_KEY_UISupportedInterfaceOrientations_iPad": "UIInterfaceOrientationPortrait UIInterfaceOrientationPortraitUpsideDown UIInterfaceOrientationLandscapeLeft UIInterfaceOrientationLandscapeRight",
        "INFOPLIST_KEY_UISupportedInterfaceOrientations_iPhone": "UIInterfaceOrientationPortrait UIInterfaceOrientationLandscapeLeft UIInterfaceOrientationLandscapeRight",
        "LD_RUNPATH_SEARCH_PATHS": "$(inherited) @executable_path/Frameworks",
        "MARKETING_VERSION": "1.0",
        "PRODUCT_BUNDLE_IDENTIFIER": "com.firstcc.app",
        "PRODUCT_NAME": "$(TARGET_NAME)",
        "SWIFT_EMIT_LOC_STRINGS": "YES",
        "SWIFT_VERSION": "5.0",
        "TARGETED_DEVICE_FAMILY": "1,2",
        "IPHONEOS_DEPLOYMENT_TARGET": "18.0",
        "ENABLE_USER_SCRIPT_SANDBOXING": "NO"
      },
      "name": "Debug"
    },
    "8DFA87B2193B0C8BE17B7A69": {
      "isa": "XCBuildConfiguration",
      "buildSettings": {
        "ASSETCATALOG_COMPILER_APPICON_NAME": "AppIcon",
        "ASSETCATALOG_COMPILER_GLOBAL_ACCENT_COLOR_NAME": "AccentColor",
        "CODE_SIGN_STYLE": "Automatic",
        "CURRENT_PROJECT_VERSION": "1",
        "ENABLE_PREVIEWS": "YES",
        "GENERATE_INFOPLIST_FILE": "YES",
        "INFOPLIST_KEY_UIApplicationSceneManifest_Generation": "YES",
        "INFOPLIST_KEY_UIApplicationSupportsIndirectInputEvents": "YES",
        "INFOPLIST_KEY_UILaunchScreen_Generation": "YES",
        "INFOPLIST_KEY_UISupportedInterfaceOrientations_iPad": "UIInterfaceOrientationPortrait UIInterfaceOrientationPortraitUpsideDown UIInterfaceOrientationLandscapeLeft UIInterfaceOrientationLandscapeRight",
        "INFOPLIST_KEY_UISupportedInterfaceOrientations_iPhone": "UIInterfaceOrientationPortrait UIInterfaceOrientationLandscapeLeft UIInterfaceOrientationLandscapeRight",
        "LD_RUNPATH_SEARCH_PATHS": "$(inherited) @executable_path/Frameworks",
        "MARKETING_VERSION": "1.0",
        "PRODUCT_BUNDLE_IDENTIFIER": "com.firstcc.app",
        "PRODUCT_NAME": "$(TARGET_NAME)",
        "SWIFT_EMIT_LOC_STRINGS": "YES",
        "SWIFT_VERSION": "5.0",
        "TARGETED_DEVICE_FAMILY": "1,2",
        "IPHONEOS_DEPLOYMENT_TARGET": "18.0",
        "ENABLE_USER_SCRIPT_SANDBOXING": "NO"
      },
      "name": "Release"
    },
    "ED1E725F939981FEAA4F7D8B": {
      "isa": "XCConfigurationList",
      "buildConfigurations": [
        "F475504BEE6673842BA5B48F",
        "FD5B11AFF7BFD13AFE6EDD90"
      ],
      "defaultConfigurationIsVisible": "0",
      "defaultConfigurationName": "Release"
    },
    "0940312D5B1CC5AC53510955": {
      "isa": "XCConfigurationList",
      "buildConfigurations": [
        "78FA0311366E281EDE734449",
        "8DFA87B2193B0C8BE17B7A69"
      ],
      "defaultConfigurationIsVisible": "0",
      "defaultConfigurationName": "Release"
    },
    "59642A2745CF4D4E823D0E87": {
      "isa": "PBXFileReference",
      "lastKnownFileType": "sourcecode.swift",
      "path": "CurrencyText.swift",
      "sourceTree": "<group>"
    },
    "61AC18C84DE94A62867A6213": {
      "isa": "PBXBuildFile",
      "fileRef": "59642A2745CF4D4E823D0E87"
    },
    "75A2E2F55E2C447CB5A50612": {
      "isa": "PBXFileReference",
      "lastKnownFileType": "sourcecode.swift",
      "path": "PhotoStorage.swift",
      "sourceTree": "<group>"
    },
    "A86BC5D777FC40E08314BF4B": {
      "isa": "PBXBuildFile",
      "fileRef": "75A2E2F55E2C447CB5A50612"
    },
    "DDAA1B7CA837485DB2B9BD02": {
      "isa": "PBXFileReference",
      "lastKnownFileType": "sourcecode.swift",
      "path": "FullScreenPhotoView.swift",
      "sourceTree": "<group>"
    },
    "DA4AD4D2C7534706A2B263FA": {
      "isa": "PBXBuildFile",
      "fileRef": "DDAA1B7CA837485DB2B9BD02"
    },
    "EE1D0DD8DACD46A5B2B1D131": {
      "isa": "PBXFileReference",
      "lastKnownFileType": "sourcecode.swift",
      "path": "RefundSheetView.swift",
      "sourceTree": "<group>"
    },
    "6090008E243045DBA1FF1363": {
      "isa": "PBXBuildFile",
      "fileRef": "EE1D0DD8DACD46A5B2B1D131"
    },
    "2286DC79AA2C4D27B9EF515F": {
      "isa": "PBXFileReference",
      "lastKnownFileType": "text.json.xcstrings",
      "path": "Localizable.xcstrings",
      "sourceTree": "<group>"
    },
    "E22A08A4A1214CB899442FAD": {
      "isa": "PBXBuildFile",
      "fileRef": "2286DC79AA2C4D27B9EF515F"
    },
    "73D34C8339F54CB492EE2D47": {
      "isa": "PBXFileReference",
      "lastKnownFileType": "sourcecode.swift",
      "path": "PendingReimbursementView.swift",
      "sourceTree": "<group>"
    },
    "F3EFD0A336694A249A90278C": {
      "isa": "PBXBuildFile",
      "fileRef": "73D34C8339F54CB492EE2D47"
    },
    "763D98CFD4394FE9AF9BE496": {
      "isa": "PBXGroup",
      "children": [
        "6DE6BA35E3484902936AE91C",
        "7A52C866183346CBA5D4E02D"
      ],
      "name": "Ledger",
      "sourceTree": "<group>",
      "path": "Ledger"
    },
    "6DE6BA35E3484902936AE91C": {
      "isa": "PBXFileReference",
      "lastKnownFileType": "sourcecode.swift",
      "path": "LedgerListView.swift",
      "sourceTree": "<group>"
    },
    "B78DAD374A5B41A0A0027493": {
      "isa": "PBXBuildFile",
      "fileRef": "6DE6BA35E3484902936AE91C"
    },
    "7A52C866183346CBA5D4E02D": {
      "isa": "PBXFileReference",
      "lastKnownFileType": "sourcecode.swift",
      "path": "LedgerSettingsView.swift",
      "sourceTree": "<group>"
    },
    "1E8FB9E30FCB47E5A5A6E1CE": {
      "isa": "PBXBuildFile",
      "fileRef": "7A52C866183346CBA5D4E02D"
    },
    "EF50A22551E447B1A62FA1FE": {
      "isa": "PBXGroup",
      "children": [
        "7C6854B1DC1F4C2288BF8144",
        "1D9E76EB8063435FBE21B2BC",
        "610FCC4FAD8D40DB897926F4",
        "B13D67B2F4514B0FBBE8675B"
      ],
      "name": "Budgets",
      "path": "Budgets",
      "sourceTree": "<group>"
    },
    "7310CF2AAAE940F9823BA210": {
      "isa": "PBXFileReference",
      "lastKnownFileType": "sourcecode.swift",
      "path": "BudgetBook.swift",
      "sourceTree": "<group>"
    },
    "10AA9A2E187A41FE8B82598A": {
      "isa": "PBXBuildFile",
      "fileRef": "7310CF2AAAE940F9823BA210"
    },
    "406A3EA063094D7DB040079A": {
      "isa": "PBXFileReference",
      "lastKnownFileType": "sourcecode.swift",
      "path": "BudgetServiceImpl.swift",
      "sourceTree": "<group>"
    },
    "2A9727ED92C14033AB0C3018": {
      "isa": "PBXBuildFile",
      "fileRef": "406A3EA063094D7DB040079A"
    },
    "7C6854B1DC1F4C2288BF8144": {
      "isa": "PBXFileReference",
      "lastKnownFileType": "sourcecode.swift",
      "path": "BudgetBookListView.swift",
      "sourceTree": "<group>"
    },
    "778F31677D9941268BD63836": {
      "isa": "PBXBuildFile",
      "fileRef": "7C6854B1DC1F4C2288BF8144"
    },
    "1D9E76EB8063435FBE21B2BC": {
      "isa": "PBXFileReference",
      "lastKnownFileType": "sourcecode.swift",
      "path": "AddEditBudgetBookView.swift",
      "sourceTree": "<group>"
    },
    "902992FFE8414678883D2B5E": {
      "isa": "PBXBuildFile",
      "fileRef": "1D9E76EB8063435FBE21B2BC"
    },
    "610FCC4FAD8D40DB897926F4": {
      "isa": "PBXFileReference",
      "lastKnownFileType": "sourcecode.swift",
      "path": "BudgetBookDetailView.swift",
      "sourceTree": "<group>"
    },
    "8AF04D5A54F94AB5912E898D": {
      "isa": "PBXBuildFile",
      "fileRef": "610FCC4FAD8D40DB897926F4"
    },
    "B13D67B2F4514B0FBBE8675B": {
      "isa": "PBXFileReference",
      "lastKnownFileType": "sourcecode.swift",
      "path": "AddEditBudgetItemView.swift",
      "sourceTree": "<group>"
    },
    "A756709FC464473D81FD6E53": {
      "isa": "PBXBuildFile",
      "fileRef": "B13D67B2F4514B0FBBE8675B"
    },
    "6E9F2F73566C4007AC5A5056": {
      "isa": "PBXFileReference",
      "lastKnownFileType": "sourcecode.swift",
      "path": "PixelProgressBar.swift",
      "sourceTree": "<group>"
    },
    "12E4D435E85A4CE09B340827": {
      "isa": "PBXBuildFile",
      "fileRef": "6E9F2F73566C4007AC5A5056"
    },
    "79050E2BD64C4A04BCBEB390": {
      "isa": "PBXFileReference",
      "lastKnownFileType": "sourcecode.swift",
      "path": "LendingDirection.swift",
      "sourceTree": "<group>"
    },
    "C946718662C04E89B2E9DDBF": {
      "isa": "PBXFileReference",
      "lastKnownFileType": "sourcecode.swift",
      "path": "LendingStatus.swift",
      "sourceTree": "<group>"
    },
    "651C5508977649FD9BE4B222": {
      "isa": "PBXBuildFile",
      "fileRef": "79050E2BD64C4A04BCBEB390"
    },
    "DA9FCCCFF00249B6A17C063E": {
      "isa": "PBXBuildFile",
      "fileRef": "C946718662C04E89B2E9DDBF"
    },
    "85225EB98FA6C84F05A18907": {
      "isa": "PBXFileReference",
      "lastKnownFileType": "sourcecode.swift",
      "path": "RecurringListView.swift",
      "sourceTree": "<group>"
    },
    "900EC6B0A9793D05DDC86466": {
      "isa": "PBXFileReference",
      "lastKnownFileType": "sourcecode.swift",
      "path": "AddEditRecurringView.swift",
      "sourceTree": "<group>"
    },
    "DC36F459EE1A6B4AA8369911": {
      "isa": "PBXBuildFile",
      "fileRef": "85225EB98FA6C84F05A18907"
    },
    "2EDCCFAF5AE92F3DE7B6BD8F": {
      "isa": "PBXBuildFile",
      "fileRef": "900EC6B0A9793D05DDC86466"
    }
  },
  "rootObject": "1781F676DEDF5767F3243DB0"
}